{
  "name": "git-subtree",
  "version": "0.2.0",
  "lockfileVersion": 1,
  "requires": true,
  "dependencies": {
    "async": {
      "version": "1.5.2",
      "resolved": "https://registry.npmjs.org/async/-/async-1.5.2.tgz",
      "integrity": "sha1-7GphrlZIDAw8skHJVhjiCJL5Zyo="
    },
    "colors": {
      "version": "1.1.2",
      "resolved": "https://registry.npmjs.org/colors/-/colors-1.1.2.tgz",
      "integrity": "sha1-FopHAXVran9RoSzgyXv6KMCE7WM="
    },
    "lodash": {
      "version": "4.17.16",
      "resolved": "https://registry.npmjs.org/lodash/-/lodash-4.17.16.tgz",
      "integrity": "sha512-mzxOTaU4AsJhnIujhngm+OnA6JX4fTI8D5H26wwGd+BJ57bW70oyRwTqo6EFJm1jTZ7hCo7yVzH1vB8TMFd2ww=="
    }
  }
}
